
Microsoft Visual Studio Solution File, Format Version 12.00
# Visual Studio Version 17
VisualStudioVersion = 17.10.35027.167
MinimumVisualStudioVersion = 10.0.40219.1
Project("{2150E333-8FDC-42A3-9474-1A3956D46DE8}") = "BasketApi", "BasketApi", "{5E4245C6-AA23-4C22-B124-3A1849F15930}"
EndProject
Project("{9A19103F-16F7-4668-BE54-9A1E7A4F7556}") = "Basket.Entities", "Basket.Entities\Basket.Entities.csproj", "{1E96ABC9-5D34-4CC4-A9DD-204B44262E12}"
EndProject
Project("{9A19103F-16F7-4668-BE54-9A1E7A4F7556}") = "Basket.Access", "Basket.Access\Basket.Access.csproj", "{C19FBE52-C777-4E56-8CC0-5E5064292E12}"
EndProject
Project("{9A19103F-16F7-4668-BE54-9A1E7A4F7556}") = "Basket.Core", "Basket.Core\Basket.Core.csproj", "{D4EE337E-C2A0-4923-B506-FDE315B56583}"
EndProject
Project("{9A19103F-16F7-4668-BE54-9A1E7A4F7556}") = "Basket.Bussiness", "Basket.Bussiness\Basket.Bussiness.csproj", "{B1F3A55A-2066-46E3-A70E-9171885CBA39}"
EndProject
Project("{9A19103F-16F7-4668-BE54-9A1E7A4F7556}") = "Basket.Services", "Basket.Services\Basket.Services.csproj", "{05731391-EAEE-49EF-BEC6-399F7AEF84DB}"
EndProject
Global
	GlobalSection(SolutionConfigurationPlatforms) = preSolution
		Debug|Any CPU = Debug|Any CPU
		Release|Any CPU = Release|Any CPU
	EndGlobalSection
	GlobalSection(ProjectConfigurationPlatforms) = postSolution
		{1E96ABC9-5D34-4CC4-A9DD-204B44262E12}.Debug|Any CPU.ActiveCfg = Debug|Any CPU
		{1E96ABC9-5D34-4CC4-A9DD-204B44262E12}.Debug|Any CPU.Build.0 = Debug|Any CPU
		{1E96ABC9-5D34-4CC4-A9DD-204B44262E12}.Release|Any CPU.ActiveCfg = Release|Any CPU
		{1E96ABC9-5D34-4CC4-A9DD-204B44262E12}.Release|Any CPU.Build.0 = Release|Any CPU
		{C19FBE52-C777-4E56-8CC0-5E5064292E12}.Debug|Any CPU.ActiveCfg = Debug|Any CPU
		{C19FBE52-C777-4E56-8CC0-5E5064292E12}.Debug|Any CPU.Build.0 = Debug|Any CPU
		{C19FBE52-C777-4E56-8CC0-5E5064292E12}.Release|Any CPU.ActiveCfg = Release|Any CPU
		{C19FBE52-C777-4E56-8CC0-5E5064292E12}.Release|Any CPU.Build.0 = Release|Any CPU
		{D4EE337E-C2A0-4923-B506-FDE315B56583}.Debug|Any CPU.ActiveCfg = Debug|Any CPU
		{D4EE337E-C2A0-4923-B506-FDE315B56583}.Debug|Any CPU.Build.0 = Debug|Any CPU
		{D4EE337E-C2A0-4923-B506-FDE315B56583}.Release|Any CPU.ActiveCfg = Release|Any CPU
		{D4EE337E-C2A0-4923-B506-FDE315B56583}.Release|Any CPU.Build.0 = Release|Any CPU
		{B1F3A55A-2066-46E3-A70E-9171885CBA39}.Debug|Any CPU.ActiveCfg = Debug|Any CPU
		{B1F3A55A-2066-46E3-A70E-9171885CBA39}.Debug|Any CPU.Build.0 = Debug|Any CPU
		{B1F3A55A-2066-46E3-A70E-9171885CBA39}.Release|Any CPU.ActiveCfg = Release|Any CPU
		{B1F3A55A-2066-46E3-A70E-9171885CBA39}.Release|Any CPU.Build.0 = Release|Any CPU
		{05731391-EAEE-49EF-BEC6-399F7AEF84DB}.Debug|Any CPU.ActiveCfg = Debug|Any CPU
		{05731391-EAEE-49EF-BEC6-399F7AEF84DB}.Debug|Any CPU.Build.0 = Debug|Any CPU
		{05731391-EAEE-49EF-BEC6-399F7AEF84DB}.Release|Any CPU.ActiveCfg = Release|Any CPU
		{05731391-EAEE-49EF-BEC6-399F7AEF84DB}.Release|Any CPU.Build.0 = Release|Any CPU
	EndGlobalSection
	GlobalSection(SolutionProperties) = preSolution
		HideSolutionNode = FALSE
	EndGlobalSection
	GlobalSection(NestedProjects) = preSolution
		{1E96ABC9-5D34-4CC4-A9DD-204B44262E12} = {5E4245C6-AA23-4C22-B124-3A1849F15930}
		{C19FBE52-C777-4E56-8CC0-5E5064292E12} = {5E4245C6-AA23-4C22-B124-3A1849F15930}
		{D4EE337E-C2A0-4923-B506-FDE315B56583} = {5E4245C6-AA23-4C22-B124-3A1849F15930}
		{B1F3A55A-2066-46E3-A70E-9171885CBA39} = {5E4245C6-AA23-4C22-B124-3A1849F15930}
		{05731391-EAEE-49EF-BEC6-399F7AEF84DB} = {5E4245C6-AA23-4C22-B124-3A1849F15930}
	EndGlobalSection
	GlobalSection(ExtensibilityGlobals) = postSolution
		SolutionGuid = {B1A259E8-D41F-4E9D-8187-B23AC877BE61}
	EndGlobalSection
EndGlobal
