
Microsoft Visual Studio Solution File, Format Version 12.00
# Visual Studio Version 17
VisualStudioVersion = 17.10.35027.167
MinimumVisualStudioVersion = 10.0.40219.1
Project("{2150E333-8FDC-42A3-9474-1A3956D46DE8}") = "BasketApi", "BasketApi", "{5E4245C6-AA23-4C22-B124-3A1849F15930}"
EndProject
Project("{FAE04EC0-301F-11D3-BF4B-00C04F79EFBC}") = "Basket.Api.Core", "Basket.Api.Core\Basket.Api.Core.csproj", "{29DE6E84-2273-407C-A705-6EC74AD2CCB1}"
EndProject
Project("{FAE04EC0-301F-11D3-BF4B-00C04F79EFBC}") = "Basket.Api.Entities", "Basket.Api.Entities\Basket.Api.Entities.csproj", "{8F31B383-C5B9-4EFD-A945-8FE6FF1BBDAA}"
EndProject
Project("{FAE04EC0-301F-11D3-BF4B-00C04F79EFBC}") = "Basket.Api.Bussiness", "Basket.Api.Bussiness\Basket.Api.Bussiness.csproj", "{0EDD736F-0BD2-464F-94C6-11AF2B0C19FB}"
EndProject
Project("{FAE04EC0-301F-11D3-BF4B-00C04F79EFBC}") = "Basket.Api.Access", "Basket.Api.Access\Basket.Api.Access.csproj", "{ACD223D7-AEA0-4995-82E6-D03BEEF13A57}"
EndProject
Project("{FAE04EC0-301F-11D3-BF4B-00C04F79EFBC}") = "Basket.Api.Services", "Basket.Api.Services\Basket.Api.Services.csproj", "{EBD609A8-F56F-471E-A3F9-22DBCA5EE452}"
EndProject
Global
	GlobalSection(SolutionConfigurationPlatforms) = preSolution
		Debug|Any CPU = Debug|Any CPU
		Release|Any CPU = Release|Any CPU
	EndGlobalSection
	GlobalSection(ProjectConfigurationPlatforms) = postSolution
		{29DE6E84-2273-407C-A705-6EC74AD2CCB1}.Debug|Any CPU.ActiveCfg = Debug|Any CPU
		{29DE6E84-2273-407C-A705-6EC74AD2CCB1}.Debug|Any CPU.Build.0 = Debug|Any CPU
		{29DE6E84-2273-407C-A705-6EC74AD2CCB1}.Release|Any CPU.ActiveCfg = Release|Any CPU
		{29DE6E84-2273-407C-A705-6EC74AD2CCB1}.Release|Any CPU.Build.0 = Release|Any CPU
		{8F31B383-C5B9-4EFD-A945-8FE6FF1BBDAA}.Debug|Any CPU.ActiveCfg = Debug|Any CPU
		{8F31B383-C5B9-4EFD-A945-8FE6FF1BBDAA}.Debug|Any CPU.Build.0 = Debug|Any CPU
		{8F31B383-C5B9-4EFD-A945-8FE6FF1BBDAA}.Release|Any CPU.ActiveCfg = Release|Any CPU
		{8F31B383-C5B9-4EFD-A945-8FE6FF1BBDAA}.Release|Any CPU.Build.0 = Release|Any CPU
		{0EDD736F-0BD2-464F-94C6-11AF2B0C19FB}.Debug|Any CPU.ActiveCfg = Debug|Any CPU
		{0EDD736F-0BD2-464F-94C6-11AF2B0C19FB}.Debug|Any CPU.Build.0 = Debug|Any CPU
		{0EDD736F-0BD2-464F-94C6-11AF2B0C19FB}.Release|Any CPU.ActiveCfg = Release|Any CPU
		{0EDD736F-0BD2-464F-94C6-11AF2B0C19FB}.Release|Any CPU.Build.0 = Release|Any CPU
		{ACD223D7-AEA0-4995-82E6-D03BEEF13A57}.Debug|Any CPU.ActiveCfg = Debug|Any CPU
		{ACD223D7-AEA0-4995-82E6-D03BEEF13A57}.Debug|Any CPU.Build.0 = Debug|Any CPU
		{ACD223D7-AEA0-4995-82E6-D03BEEF13A57}.Release|Any CPU.ActiveCfg = Release|Any CPU
		{ACD223D7-AEA0-4995-82E6-D03BEEF13A57}.Release|Any CPU.Build.0 = Release|Any CPU
		{EBD609A8-F56F-471E-A3F9-22DBCA5EE452}.Debug|Any CPU.ActiveCfg = Debug|Any CPU
		{EBD609A8-F56F-471E-A3F9-22DBCA5EE452}.Debug|Any CPU.Build.0 = Debug|Any CPU
		{EBD609A8-F56F-471E-A3F9-22DBCA5EE452}.Release|Any CPU.ActiveCfg = Release|Any CPU
		{EBD609A8-F56F-471E-A3F9-22DBCA5EE452}.Release|Any CPU.Build.0 = Release|Any CPU
	EndGlobalSection
	GlobalSection(SolutionProperties) = preSolution
		HideSolutionNode = FALSE
	EndGlobalSection
	GlobalSection(NestedProjects) = preSolution
		{29DE6E84-2273-407C-A705-6EC74AD2CCB1} = {5E4245C6-AA23-4C22-B124-3A1849F15930}
		{8F31B383-C5B9-4EFD-A945-8FE6FF1BBDAA} = {5E4245C6-AA23-4C22-B124-3A1849F15930}
		{0EDD736F-0BD2-464F-94C6-11AF2B0C19FB} = {5E4245C6-AA23-4C22-B124-3A1849F15930}
		{ACD223D7-AEA0-4995-82E6-D03BEEF13A57} = {5E4245C6-AA23-4C22-B124-3A1849F15930}
		{EBD609A8-F56F-471E-A3F9-22DBCA5EE452} = {5E4245C6-AA23-4C22-B124-3A1849F15930}
	EndGlobalSection
	GlobalSection(ExtensibilityGlobals) = postSolution
		SolutionGuid = {B1A259E8-D41F-4E9D-8187-B23AC877BE61}
	EndGlobalSection
EndGlobal
